
Microsoft Visual Studio Solution File, Format Version 12.00
# Visual Studio Version 16
VisualStudioVersion = 16.0.31613.86
MinimumVisualStudioVersion = 10.0.40219.1
Project("{FAE04EC0-301F-11D3-BF4B-00C04F79EFBC}") = "KingFlights", "KingFlights.csproj", "{E4AEBD7C-9635-45C3-8181-D3FA1485AB61}"
EndProject
Global
	GlobalSection(SolutionConfigurationPlatforms) = preSolution
		Debug|Any CPU = Debug|Any CPU
		Release|Any CPU = Release|Any CPU
	EndGlobalSection
	GlobalSection(ProjectConfigurationPlatforms) = postSolution
		{E4AEBD7C-9635-45C3-8181-D3FA1485AB61}.Debug|Any CPU.ActiveCfg = Debug|Any CPU
		{E4AEBD7C-9635-45C3-8181-D3FA1485AB61}.Debug|Any CPU.Build.0 = Debug|Any CPU
		{E4AEBD7C-9635-45C3-8181-D3FA1485AB61}.Release|Any CPU.ActiveCfg = Release|Any CPU
		{E4AEBD7C-9635-45C3-8181-D3FA1485AB61}.Release|Any CPU.Build.0 = Release|Any CPU
	EndGlobalSection
	GlobalSection(SolutionProperties) = preSolution
		HideSolutionNode = FALSE
	EndGlobalSection
	GlobalSection(ExtensibilityGlobals) = postSolution
		SolutionGuid = {173E78C9-F68A-40DB-A998-B38D2DEF8472}
	EndGlobalSection
EndGlobal
